{
  "version": 4,
  "terraform_version": "1.5.7",
  "serial": 79,
  "lineage": "1717f515-e95c-dde7-9683-c5e83fac1039",
  "outputs": {},
  "resources": [
    {
      "mode": "managed",
      "type": "google_compute_network",
      "name": "vpc",
      "provider": "provider[\"registry.terraform.io/hashicorp/google\"]",
      "instances": [
        {
          "schema_version": 0,
          "attributes": {
            "auto_create_subnetworks": false,
            "delete_default_routes_on_create": false,
            "description": "",
            "enable_ula_internal_ipv6": false,
            "gateway_ipv4": "",
            "id": "projects/blockchain-nodes-2024/global/networks/blockchain-vpc",
            "internal_ipv6_range": "",
            "mtu": 0,
            "name": "blockchain-vpc",
            "network_firewall_policy_enforcement_order": "AFTER_CLASSIC_FIREWALL",
            "project": "blockchain-nodes-2024",
            "routing_mode": "REGIONAL",
            "self_link": "https://www.googleapis.com/compute/v1/projects/blockchain-nodes-2024/global/networks/blockchain-vpc",
            "timeouts": null
          },
          "sensitive_attributes": [],
          "private": "eyJlMmJmYjczMC1lY2FhLTExZTYtOGY4OC0zNDM2M2JjN2M0YzAiOnsiY3JlYXRlIjoxMjAwMDAwMDAwMDAwLCJkZWxldGUiOjEyMDAwMDAwMDAwMDAsInVwZGF0ZSI6MTIwMDAwMDAwMDAwMH19"
        }
      ]
    },
    {
      "mode": "managed",
      "type": "google_compute_router",
      "name": "router",
      "provider": "provider[\"registry.terraform.io/hashicorp/google\"]",
      "instances": [
        {
          "schema_version": 0,
          "attributes": {
            "bgp": [],
            "creation_timestamp": "2024-11-06T07:49:29.408-08:00",
            "description": "",
            "encrypted_interconnect_router": false,
            "id": "projects/blockchain-nodes-2024/regions/europe-west1/routers/blockchain-vpc-router",
            "name": "blockchain-vpc-router",
            "network": "https://www.googleapis.com/compute/v1/projects/blockchain-nodes-2024/global/networks/blockchain-vpc",
            "project": "blockchain-nodes-2024",
            "region": "europe-west1",
            "self_link": "https://www.googleapis.com/compute/v1/projects/blockchain-nodes-2024/regions/europe-west1/routers/blockchain-vpc-router",
            "timeouts": null
          },
          "sensitive_attributes": [],
          "private": "eyJlMmJmYjczMC1lY2FhLTExZTYtOGY4OC0zNDM2M2JjN2M0YzAiOnsiY3JlYXRlIjoxMjAwMDAwMDAwMDAwLCJkZWxldGUiOjEyMDAwMDAwMDAwMDAsInVwZGF0ZSI6MTIwMDAwMDAwMDAwMH19",
          "dependencies": [
            "google_compute_network.vpc"
          ]
        }
      ]
    },
    {
      "mode": "managed",
      "type": "google_compute_router_nat",
      "name": "nat",
      "provider": "provider[\"registry.terraform.io/hashicorp/google\"]",
      "instances": [
        {
          "schema_version": 0,
          "attributes": {
            "drain_nat_ips": [],
            "enable_dynamic_port_allocation": false,
            "enable_endpoint_independent_mapping": true,
            "icmp_idle_timeout_sec": 30,
            "id": "blockchain-nodes-2024/europe-west1/blockchain-vpc-router/blockchain-vpc-nat",
            "log_config": [],
            "max_ports_per_vm": 0,
            "min_ports_per_vm": 0,
            "name": "blockchain-vpc-nat",
            "nat_ip_allocate_option": "AUTO_ONLY",
            "nat_ips": [],
            "project": "blockchain-nodes-2024",
            "region": "europe-west1",
            "router": "blockchain-vpc-router",
            "rules": [],
            "source_subnetwork_ip_ranges_to_nat": "ALL_SUBNETWORKS_ALL_IP_RANGES",
            "subnetwork": [],
            "tcp_established_idle_timeout_sec": 1200,
            "tcp_time_wait_timeout_sec": 120,
            "tcp_transitory_idle_timeout_sec": 30,
            "timeouts": null,
            "udp_idle_timeout_sec": 30
          },
          "sensitive_attributes": [],
          "private": "eyJlMmJmYjczMC1lY2FhLTExZTYtOGY4OC0zNDM2M2JjN2M0YzAiOnsiY3JlYXRlIjoxMjAwMDAwMDAwMDAwLCJkZWxldGUiOjEyMDAwMDAwMDAwMDAsInVwZGF0ZSI6MTIwMDAwMDAwMDAwMH19",
          "dependencies": [
            "google_compute_network.vpc",
            "google_compute_router.router"
          ]
        }
      ]
    },
    {
      "mode": "managed",
      "type": "google_compute_subnetwork",
      "name": "subnet",
      "provider": "provider[\"registry.terraform.io/hashicorp/google\"]",
      "instances": [
        {
          "schema_version": 0,
          "attributes": {
            "creation_timestamp": "2024-11-04T13:55:36.160-08:00",
            "description": "",
            "external_ipv6_prefix": "",
            "fingerprint": null,
            "gateway_address": "10.0.0.1",
            "id": "projects/blockchain-nodes-2024/regions/europe-west1/subnetworks/blockchain-vpc-subnet",
            "internal_ipv6_prefix": "",
            "ip_cidr_range": "10.0.0.0/16",
            "ipv6_access_type": "",
            "ipv6_cidr_range": "",
            "log_config": [],
            "name": "blockchain-vpc-subnet",
            "network": "https://www.googleapis.com/compute/v1/projects/blockchain-nodes-2024/global/networks/blockchain-vpc",
            "private_ip_google_access": true,
            "private_ipv6_google_access": "DISABLE_GOOGLE_ACCESS",
            "project": "blockchain-nodes-2024",
            "purpose": "PRIVATE",
            "region": "europe-west1",
            "role": "",
            "secondary_ip_range": [],
            "self_link": "https://www.googleapis.com/compute/v1/projects/blockchain-nodes-2024/regions/europe-west1/subnetworks/blockchain-vpc-subnet",
            "stack_type": "IPV4_ONLY",
            "timeouts": {
              "create": null,
              "delete": null,
              "update": null
            }
          },
          "sensitive_attributes": [],
          "private": "eyJlMmJmYjczMC1lY2FhLTExZTYtOGY4OC0zNDM2M2JjN2M0YzAiOnsiY3JlYXRlIjoxMjAwMDAwMDAwMDAwLCJkZWxldGUiOjEyMDAwMDAwMDAwMDAsInVwZGF0ZSI6MTIwMDAwMDAwMDAwMH0sInNjaGVtYV92ZXJzaW9uIjoiMCJ9",
          "dependencies": [
            "google_compute_network.vpc"
          ]
        }
      ]
    },
    {
      "mode": "managed",
      "type": "google_container_cluster",
      "name": "primary",
      "provider": "provider[\"registry.terraform.io/hashicorp/google\"]",
      "instances": [
        {
          "schema_version": 1,
          "attributes": {
            "addons_config": [
              {
                "cloudrun_config": [],
                "config_connector_config": [],
                "dns_cache_config": [],
                "gce_persistent_disk_csi_driver_config": [
                  {
                    "enabled": true
                  }
                ],
                "gcp_filestore_csi_driver_config": [],
                "gcs_fuse_csi_driver_config": [],
                "gke_backup_agent_config": [],
                "horizontal_pod_autoscaling": [],
                "http_load_balancing": [],
                "network_policy_config": [
                  {
                    "disabled": true
                  }
                ]
              }
            ],
            "allow_net_admin": null,
            "authenticator_groups_config": [],
            "binary_authorization": [
              {
                "enabled": false,
                "evaluation_mode": ""
              }
            ],
            "cluster_autoscaling": [
              {
                "auto_provisioning_defaults": [],
                "enabled": false,
                "resource_limits": []
              }
            ],
            "cluster_ipv4_cidr": "10.100.0.0/16",
            "confidential_nodes": [],
            "cost_management_config": [],
            "database_encryption": [
              {
                "key_name": "",
                "state": "DECRYPTED"
              }
            ],
            "datapath_provider": "",
            "default_max_pods_per_node": 110,
            "default_snat_status": [
              {
                "disabled": false
              }
            ],
            "description": "",
            "dns_config": [],
            "enable_autopilot": false,
            "enable_binary_authorization": false,
            "enable_intranode_visibility": false,
            "enable_k8s_beta_apis": [],
            "enable_kubernetes_alpha": false,
            "enable_l4_ilb_subsetting": false,
            "enable_legacy_abac": false,
            "enable_shielded_nodes": true,
            "enable_tpu": false,
            "endpoint": "34.22.150.238",
            "gateway_api_config": [],
            "id": "projects/blockchain-nodes-2024/locations/europe-west1-b/clusters/blockchain-cluster",
            "initial_node_count": 1,
            "ip_allocation_policy": [
              {
                "additional_pod_ranges_config": [],
                "cluster_ipv4_cidr_block": "10.100.0.0/16",
                "cluster_secondary_range_name": "gke-blockchain-cluster-pods-b240a82d",
                "pod_cidr_overprovision_config": [
                  {
                    "disabled": false
                  }
                ],
                "services_ipv4_cidr_block": "10.101.0.0/16",
                "services_secondary_range_name": "gke-blockchain-cluster-services-b240a82d",
                "stack_type": "IPV4"
              }
            ],
            "label_fingerprint": "a9dc16a7",
            "location": "europe-west1-b",
            "logging_config": [
              {
                "enable_components": [
                  "SYSTEM_COMPONENTS",
                  "WORKLOADS"
                ]
              }
            ],
            "logging_service": "logging.googleapis.com/kubernetes",
            "maintenance_policy": [],
            "master_auth": [
              {
                "client_certificate": "",
                "client_certificate_config": [
                  {
                    "issue_client_certificate": false
                  }
                ],
                "client_key": "",
                "cluster_ca_certificate": "LS0tLS1CRUdJTiBDRVJUSUZJQ0FURS0tLS0tCk1JSUVMRENDQXBTZ0F3SUJBZ0lRSXAwdTExUS9mYUNySExFNm4xQXFZekFOQmdrcWhraUc5dzBCQVFzRkFEQXYKTVMwd0t3WURWUVFERXlRM00yUm1PRGc0TUMwNU1UVTFMVFJpTVRRdFlXRXlOaTFrWXpjMVltVmhOVEl5TkdNdwpJQmNOTWpReE1UQTJNVFExTmpBNFdoZ1BNakExTkRFd016QXhOVFUyTURoYU1DOHhMVEFyQmdOVkJBTVRKRGN6ClpHWTRPRGd3TFRreE5UVXROR0l4TkMxaFlUSTJMV1JqTnpWaVpXRTFNakkwWXpDQ0FhSXdEUVlKS29aSWh2Y04KQVFFQkJRQURnZ0dQQURDQ0FZb0NnZ0dCQUs1a2dud3JNN0JtdmdUMG45NENXQis0eEZzOVo2UFFnYWdHOU1COQo5ZXdwMFgyakRYNlpUWVF1cFZDYTZzMjBuVkVrL2YzS2dId05raitFbGZhZGFWbjV5RzRPeGZaeWZBOVVBdFlzCjFnekZNbWNEUE5NU1Z2RjF0cjdDNXZpV1ZPUzFjVHczOGM5c1Y3K0FVL2wvTmgxRHVpUTRwejBuNkpPb1BqZDUKREN4dFlsck1MVGNNL0JDc2grNnJrVEovby9ZdGJXbUtGcjlyL1d1M01wNnBvbzlaaTFqUm94cG52bm0wcmpzbgp2SjJHb3BzNThBcFJVTHVicmFkeVB3OG5qalQvS2NoOVBlTU9NRXBhd2ZPVktwR3dOL05HVWE5RWJOWnIwZFZzCmw2cEhpZGhrNEhxZHFlQktqNFh4Nis0ZUV1ZEpueWppc1A4d0lDbDB1am41RkdTb2Y4UTFGRlp2WitXRFpkQm0KSkI4MjNqQUJlTVJYbks3Qm9LWVhMVTVjSG90akxxbjhOZWJ6WVpVNVNGQUg2U3c1d1ltOCtwdEl3aVFFSFpWVwpsNnZ6UW43aXVUc0JFWmkzTnIrNU9tRUJWUDh4SFJZdUgyUHZJWkJUeDVwaGoxU1RtblhQZHB1akNablgxUUtTCmgzVHhZa3BUcG0xZjlTM1laRWp5QW5Pc3F3SURBUUFCbzBJd1FEQU9CZ05WSFE4QkFmOEVCQU1DQWdRd0R3WUQKVlIwVEFRSC9CQVV3QXdFQi96QWRCZ05WSFE0RUZnUVV5MVBTaXVsYXdyMUZacjBSZC9kZk5yckI2aUV3RFFZSgpLb1pJaHZjTkFRRUxCUUFEZ2dHQkFEZFdqZnNkMGhJQTk2QytsWVd1S1B6b1NBOUsxelBVNnZGbDF3TklJMDNnCkJhejFMM2lxeHhRZ2pYSHI0UkdkMkRIWjhldDJ0YVFYSFZZWGhITkRBQVVjeXROSHFDUU43UWc4RG44Mjk1WkQKTytaZTdyRkdtUFR4OTBSK2hpYzI2M2xYSGVlUlhDakZvOGlTcFZXeFlCb3ZHeTZwRlBwOUIxbmlLQkUrQlJYMgpzcHpGa1VUd0tDUStySERLZ1N2Y0RMb25hWUY2ekN4OVpxK1FqNWQ0MG14d1MwcDNkejNxTm01RlpXUW85KzEzCkF1VnNacFpaMkc0Sit3SlBSQVZqTWdkWS9DVWd4U1hwQmJxYy9JWmRjeWdZK0xQTUlkejBHYUp4bGs5dG5qemoKcnFNN05JZ29jTkMzTyt1Q2lRTk5DMFRJblJ2Z2wrcU1GR0NCVjEzQWsrbVlURXp0c29UOEhpQnlLWXNsQlo4ZQpCTDZ0MTVTRDhyQjdSRk12Mmp5Q1p4V2gzbktjbnBVNndKQUdSTzVQeUhpQndTQmNqQnVaK3VRYnR6NWxlTVhoCjhSdllORUN4dUgwc3JBb3ZHeWVIbmVTUlh1THREbEkyZDVHTjhkSTNQYmMySTgvUGpQa2JCR2c0Q1lHbjZHbGEKRFl4T0ZlMUNoN3pNaHUreDBNblYzdz09Ci0tLS0tRU5EIENFUlRJRklDQVRFLS0tLS0K"
              }
            ],
            "master_authorized_networks_config": [],
            "master_version": "1.30.5-gke.1355000",
            "mesh_certificates": [],
            "min_master_version": null,
            "monitoring_config": [
              {
                "advanced_datapath_observability_config": [
                  {
                    "enable_metrics": false,
                    "relay_mode": ""
                  }
                ],
                "enable_components": [
                  "SYSTEM_COMPONENTS",
                  "STORAGE",
                  "HPA",
                  "POD",
                  "DAEMONSET",
                  "DEPLOYMENT",
                  "STATEFULSET",
                  "CADVISOR",
                  "KUBELET"
                ],
                "managed_prometheus": [
                  {
                    "enabled": true
                  }
                ]
              }
            ],
            "monitoring_service": "monitoring.googleapis.com/kubernetes",
            "name": "blockchain-cluster",
            "network": "projects/blockchain-nodes-2024/global/networks/blockchain-vpc",
            "network_policy": [
              {
                "enabled": false,
                "provider": "PROVIDER_UNSPECIFIED"
              }
            ],
            "networking_mode": "VPC_NATIVE",
            "node_config": [],
            "node_locations": [],
            "node_pool": [],
            "node_pool_auto_config": [],
            "node_pool_defaults": [
              {
                "node_config_defaults": [
                  {
                    "logging_variant": "DEFAULT"
                  }
                ]
              }
            ],
            "node_version": "1.30.5-gke.1355000",
            "notification_config": [
              {
                "pubsub": [
                  {
                    "enabled": false,
                    "filter": [],
                    "topic": ""
                  }
                ]
              }
            ],
            "operation": null,
            "private_cluster_config": [
              {
                "enable_private_endpoint": false,
                "enable_private_nodes": false,
                "master_global_access_config": [
                  {
                    "enabled": false
                  }
                ],
                "master_ipv4_cidr_block": "",
                "peering_name": "",
                "private_endpoint": "10.0.0.5",
                "private_endpoint_subnetwork": "",
                "public_endpoint": "34.22.150.238"
              }
            ],
            "private_ipv6_google_access": "",
            "project": "blockchain-nodes-2024",
            "release_channel": [
              {
                "channel": "REGULAR"
              }
            ],
            "remove_default_node_pool": true,
            "resource_labels": null,
            "resource_usage_export_config": [],
            "security_posture_config": [
              {
                "mode": "BASIC",
                "vulnerability_mode": "VULNERABILITY_MODE_UNSPECIFIED"
              }
            ],
            "self_link": "https://container.googleapis.com/v1/projects/blockchain-nodes-2024/zones/europe-west1-b/clusters/blockchain-cluster",
            "service_external_ips_config": [
              {
                "enabled": false
              }
            ],
            "services_ipv4_cidr": "10.101.0.0/16",
            "subnetwork": "projects/blockchain-nodes-2024/regions/europe-west1/subnetworks/blockchain-vpc-subnet",
            "timeouts": null,
            "tpu_ipv4_cidr_block": "",
            "vertical_pod_autoscaling": [],
            "workload_identity_config": []
          },
          "sensitive_attributes": [],
          "private": "eyJlMmJmYjczMC1lY2FhLTExZTYtOGY4OC0zNDM2M2JjN2M0YzAiOnsiY3JlYXRlIjoyNDAwMDAwMDAwMDAwLCJkZWxldGUiOjI0MDAwMDAwMDAwMDAsInJlYWQiOjI0MDAwMDAwMDAwMDAsInVwZGF0ZSI6MzYwMDAwMDAwMDAwMH0sInNjaGVtYV92ZXJzaW9uIjoiMSJ9",
          "dependencies": [
            "google_compute_network.vpc",
            "google_compute_subnetwork.subnet"
          ]
        }
      ]
    },
    {
      "mode": "managed",
      "type": "google_container_node_pool",
      "name": "primary_nodes",
      "provider": "provider[\"registry.terraform.io/hashicorp/google\"]",
      "instances": [
        {
          "schema_version": 1,
          "attributes": {
            "autoscaling": [],
            "cluster": "blockchain-cluster",
            "id": "projects/blockchain-nodes-2024/locations/europe-west1-b/clusters/blockchain-cluster/nodePools/blockchain-cluster-node-pool",
            "initial_node_count": 1,
            "instance_group_urls": [
              "https://www.googleapis.com/compute/v1/projects/blockchain-nodes-2024/zones/europe-west1-b/instanceGroupManagers/gke-blockchain-clust-blockchain-clust-cc49ac82-grp"
            ],
            "location": "europe-west1-b",
            "managed_instance_group_urls": [
              "https://www.googleapis.com/compute/v1/projects/blockchain-nodes-2024/zones/europe-west1-b/instanceGroups/gke-blockchain-clust-blockchain-clust-cc49ac82-grp"
            ],
            "management": [
              {
                "auto_repair": true,
                "auto_upgrade": true
              }
            ],
            "max_pods_per_node": 110,
            "name": "blockchain-cluster-node-pool",
            "name_prefix": "",
            "network_config": [
              {
                "create_pod_range": false,
                "enable_private_nodes": false,
                "pod_cidr_overprovision_config": [],
                "pod_ipv4_cidr_block": "10.100.0.0/16",
                "pod_range": "gke-blockchain-cluster-pods-b240a82d"
              }
            ],
            "node_config": [
              {
                "advanced_machine_features": [],
                "boot_disk_kms_key": "",
                "confidential_nodes": [],
                "disk_size_gb": 250,
                "disk_type": "pd-balanced",
                "ephemeral_storage_local_ssd_config": [],
                "fast_socket": [],
                "gcfs_config": [],
                "guest_accelerator": [],
                "gvnic": [],
                "host_maintenance_policy": [],
                "image_type": "COS_CONTAINERD",
                "kubelet_config": [],
                "labels": {
                  "env": "blockchain"
                },
                "linux_node_config": [],
                "local_nvme_ssd_block_config": [],
                "local_ssd_count": 0,
                "logging_variant": "DEFAULT",
                "machine_type": "e2-standard-8",
                "metadata": {
                  "disable-legacy-endpoints": "true",
                  "ssh-keys": "oigor6169:ssh-rsa AAAAB3NzaC1yc2EAAAADAQABAAACAQDNRFtpfoDBNIJk5BJUgi8Vu59rl8kPQD7Au3lLqn0cNlKUzXutsj+72KffRJVSnOT5Lw1PlbZGdKoLXkd/fQa+sTvhuyFwYtok9DEiOdcAwViq8TcEZ/0gu1yRIDOF2un4a36CQYqcEDB15GGishpD97xtXwPaezCyAiGCEk5TXYlRVfYs8i3adJHdNW97i0ZDtDU5Q0SX62G1VP/ASNhjkc+uL04jWwyNen2nYF9/U9JIq/Tsh5AXjnPfFwQAqV192qVOv5/BhiWMgmnoHFuvnozeVM6Y530fb+g9GdoJOi+omAq5x5cqhKhrzFTaRAzUF7Xba0Ti/jQuZwPRBmVEkbG3AMSrLbZan6xsFsbAC//hjrkj4Z0hXwzYQz4Wxy48an1lhgD+ntxuaPBwP6DAlRk/QYP/mv/wGrSl3D0vdFUMrXgplJ1p1OQ1tLGieQyqbDeVglRv2E68NAxc/Gmo3NxkREpF+44IsW3DOFZ3AJb7/DXn0VMjrKb+AUeZ/wbPpaIHvcvhR7I2jWp/iQ7/Z9PYoSyMFF10/Y+uZtFzQTN6qE0Uqw8nG6qOz/NTo3BqXn6GpQNzua98fm4AmLMkYkbGswsnTyA7reEnGrQFYPcbcGVNargcDT9TyV7TWAL55FmNIwku1RifmC8OkcUmufQCAWrK9MGqzgxcEunwWQ== a1@MacBook-Air.local\n"
                },
                "min_cpu_platform": "",
                "node_group": "",
                "oauth_scopes": [
                  "https://www.googleapis.com/auth/devstorage.read_only",
                  "https://www.googleapis.com/auth/logging.write",
                  "https://www.googleapis.com/auth/monitoring"
                ],
                "preemptible": false,
                "reservation_affinity": [],
                "resource_labels": null,
                "service_account": "default",
                "shielded_instance_config": [
                  {
                    "enable_integrity_monitoring": true,
                    "enable_secure_boot": false
                  }
                ],
                "sole_tenant_config": [],
                "spot": false,
                "tags": null,
                "taint": [],
                "workload_metadata_config": []
              }
            ],
            "node_count": 1,
            "node_locations": [
              "europe-west1-b"
            ],
            "operation": null,
            "placement_policy": [],
            "project": "blockchain-nodes-2024",
            "timeouts": null,
            "upgrade_settings": [
              {
                "blue_green_settings": [],
                "max_surge": 1,
                "max_unavailable": 0,
                "strategy": "SURGE"
              }
            ],
            "version": "1.30.5-gke.1355000"
          },
          "sensitive_attributes": [],
          "private": "eyJlMmJmYjczMC1lY2FhLTExZTYtOGY4OC0zNDM2M2JjN2M0YzAiOnsiY3JlYXRlIjoxODAwMDAwMDAwMDAwLCJkZWxldGUiOjE4MDAwMDAwMDAwMDAsInVwZGF0ZSI6MTgwMDAwMDAwMDAwMH0sInNjaGVtYV92ZXJzaW9uIjoiMSJ9",
          "dependencies": [
            "google_compute_network.vpc",
            "google_compute_subnetwork.subnet",
            "google_container_cluster.primary"
          ]
        }
      ]
    }
  ],
  "check_results": null
}
